// !$*UTF8*$!
{
	archiveVersion = 1;
	classes = {
	};
	objectVersion = 48;
	objects = {

/* Begin PBXBuildFile section */
		14C19D3520EB1C4C003DEB8A /* AppDelegate.swift in Sources */ = {isa = PBXBuildFile; fileRef = 14C19D3420EB1C4C003DEB8A /* AppDelegate.swift */; };
		14C19D3720EB1C4C003DEB8A /* ViewController.swift in Sources */ = {isa = PBXBuildFile; fileRef = 14C19D3620EB1C4C003DEB8A /* ViewController.swift */; };
		14C19D3A20EB1C4D003DEB8A /* Main.storyboard in Resources */ = {isa = PBXBuildFile; fileRef = 14C19D3820EB1C4D003DEB8A /* Main.storyboard */; };
		14C19D3C20EB1C4D003DEB8A /* Assets.xcassets in Resources */ = {isa = PBXBuildFile; fileRef = 14C19D3B20EB1C4D003DEB8A /* Assets.xcassets */; };
		14C19D3F20EB1C4D003DEB8A /* LaunchScreen.storyboard in Resources */ = {isa = PBXBuildFile; fileRef = 14C19D3D20EB1C4D003DEB8A /* LaunchScreen.storyboard */; };
/* End PBXBuildFile section */

/* Begin PBXFileReference section */
		14C19D3120EB1C4C003DEB8A /* FacebookPopUpAnimation.app */ = {isa = PBXFileReference; explicitFileType = wrapper.application; includeInIndex = 0; path = FacebookPopUpAnimation.app; sourceTree = BUILT_PRODUCTS_DIR; };
		14C19D3420EB1C4C003DEB8A /* AppDelegate.swift */ = {isa = PBXFileReference; lastKnownFileType = sourcecode.swift; path = AppDelegate.swift; sourceTree = "<group>"; };
		14C19D3620EB1C4C003DEB8A /* ViewController.swift */ = {isa = PBXFileReference; lastKnownFileType = sourcecode.swift; path = ViewController.swift; sourceTree = "<group>"; };
		14C19D3920EB1C4D003DEB8A /* Base */ = {isa = PBXFileReference; lastKnownFileType = file.storyboard; name = Base; path = Base.lproj/Main.storyboard; sourceTree = "<group>"; };
		14C19D3B20EB1C4D003DEB8A /* Assets.xcassets */ = {isa = PBXFileReference; lastKnownFileType = folder.assetcatalog; path = Assets.xcassets; sourceTree = "<group>"; };
		14C19D3E20EB1C4D003DEB8A /* Base */ = {isa = PBXFileReference; lastKnownFileType = file.storyboard; name = Base; path = Base.lproj/LaunchScreen.storyboard; sourceTree = "<group>"; };
		14C19D4020EB1C4D003DEB8A /* Info.plist */ = {isa = PBXFileReference; lastKnownFileType = text.plist.xml; path = Info.plist; sourceTree = "<group>"; };
/* End PBXFileReference section */

/* Begin PBXFrameworksBuildPhase section */
		14C19D2E20EB1C4C003DEB8A /* Frameworks */ = {
			isa = PBXFrameworksBuildPhase;
			buildActionMask = 2147483647;
			files = (
			);
			runOnlyForDeploymentPostprocessing = 0;
		};
/* End PBXFrameworksBuildPhase section */

/* Begin PBXGroup section */
		14C19D2820EB1C4C003DEB8A = {
			isa = PBXGroup;
			children = (
				14C19D3320EB1C4C003DEB8A /* FacebookPopUpAnimation */,
				14C19D3220EB1C4C003DEB8A /* Products */,
			);
			sourceTree = "<group>";
		};
		14C19D3220EB1C4C003DEB8A /* Products */ = {
			isa = PBXGroup;
			children = (
				14C19D3120EB1C4C003DEB8A /* FacebookPopUpAnimation.app */,
			);
			name = Products;
			sourceTree = "<group>";
		};
		14C19D3320EB1C4C003DEB8A /* FacebookPopUpAnimation */ = {
			isa = PBXGroup;
			children = (
				14C19D3420EB1C4C003DEB8A /* AppDelegate.swift */,
				14C19D3620EB1C4C003DEB8A /* ViewController.swift */,
				14C19D3820EB1C4D003DEB8A /* Main.storyboard */,
				14C19D3B20EB1C4D003DEB8A /* Assets.xcassets */,
				14C19D3D20EB1C4D003DEB8A /* LaunchScreen.storyboard */,
				14C19D4020EB1C4D003DEB8A /* Info.plist */,
			);
			path = FacebookPopUpAnimation;
			sourceTree = "<group>";
		};
/* End PBXGroup section */

/* Begin PBXNativeTarget section */
		14C19D3020EB1C4C003DEB8A /* FacebookPopUpAnimation */ = {
			isa = PBXNativeTarget;
			buildConfigurationList = 14C19D4320EB1C4D003DEB8A /* Build configuration list for PBXNativeTarget "FacebookPopUpAnimation" */;
			buildPhases = (
				14C19D2D20EB1C4C003DEB8A /* Sources */,
				14C19D2E20EB1C4C003DEB8A /* Frameworks */,
				14C19D2F20EB1C4C003DEB8A /* Resources */,
			);
			buildRules = (
			);
			dependencies = (
			);
			name = FacebookPopUpAnimation;
			productName = FacebookPopUpAnimation;
			productReference = 14C19D3120EB1C4C003DEB8A /* FacebookPopUpAnimation.app */;
			productType = "com.apple.product-type.application";
		};
/* End PBXNativeTarget section */

/* Begin PBXProject section */
		14C19D2920EB1C4C003DEB8A /* Project object */ = {
			isa = PBXProject;
			attributes = {
				LastSwiftUpdateCheck = 0920;
				LastUpgradeCheck = 0920;
				ORGANIZATIONNAME = SEAN;
				TargetAttributes = {
					14C19D3020EB1C4C003DEB8A = {
						CreatedOnToolsVersion = 9.2;
						ProvisioningStyle = Automatic;
					};
				};
			};
			buildConfigurationList = 14C19D2C20EB1C4C003DEB8A /* Build configuration list for PBXProject "FacebookPopUpAnimation" */;
			compatibilityVersion = "Xcode 8.0";
			developmentRegion = en;
			hasScannedForEncodings = 0;
			knownRegions = (
				en,
				Base,
			);
			mainGroup = 14C19D2820EB1C4C003DEB8A;
			productRefGroup = 14C19D3220EB1C4C003DEB8A /* Products */;
			projectDirPath = "";
			projectRoot = "";
			targets = (
				14C19D3020EB1C4C003DEB8A /* FacebookPopUpAnimation */,
			);
		};
/* End PBXProject section */

/* Begin PBXResourcesBuildPhase section */
		14C19D2F20EB1C4C003DEB8A /* Resources */ = {
			isa = PBXResourcesBuildPhase;
			buildActionMask = 2147483647;
			files = (
				14C19D3F20EB1C4D003DEB8A /* LaunchScreen.storyboard in Resources */,
				14C19D3C20EB1C4D003DEB8A /* Assets.xcassets in Resources */,
				14C19D3A20EB1C4D003DEB8A /* Main.storyboard in Resources */,
			);
			runOnlyForDeploymentPostprocessing = 0;
		};
/* End PBXResourcesBuildPhase section */

/* Begin PBXSourcesBuildPhase section */
		14C19D2D20EB1C4C003DEB8A /* Sources */ = {
			isa = PBXSourcesBuildPhase;
			buildActionMask = 2147483647;
			files = (
				14C19D3720EB1C4C003DEB8A /* ViewController.swift in Sources */,
				14C19D3520EB1C4C003DEB8A /* AppDelegate.swift in Sources */,
			);
			runOnlyForDeploymentPostprocessing = 0;
		};
/* End PBXSourcesBuildPhase section */

/* Begin PBXVariantGroup section */
		14C19D3820EB1C4D003DEB8A /* Main.storyboard */ = {
			isa = PBXVariantGroup;
			children = (
				14C19D3920EB1C4D003DEB8A /* Base */,
			);
			name = Main.storyboard;
			sourceTree = "<group>";
		};
		14C19D3D20EB1C4D003DEB8A /* LaunchScreen.storyboard */ = {
			isa = PBXVariantGroup;
			children = (
				14C19D3E20EB1C4D003DEB8A /* Base */,
			);
			name = LaunchScreen.storyboard;
			sourceTree = "<group>";
		};
/* End PBXVariantGroup section */

/* Begin XCBuildConfiguration section */
		14C19D4120EB1C4D003DEB8A /* Debug */ = {
			isa = XCBuildConfiguration;
			buildSettings = {
				ALWAYS_SEARCH_USER_PATHS = NO;
				CLANG_ANALYZER_NONNULL = YES;
				CLANG_ANALYZER_NUMBER_OBJECT_CONVERSION = YES_AGGRESSIVE;
				CLANG_CXX_LANGUAGE_STANDARD = "gnu++14";
				CLANG_CXX_LIBRARY = "libc++";
				CLANG_ENABLE_MODULES = YES;
				CLANG_ENABLE_OBJC_ARC = YES;
				CLANG_WARN_BLOCK_CAPTURE_AUTORELEASING = YES;
				CLANG_WARN_BOOL_CONVERSION = YES;
				CLANG_WARN_COMMA = YES;
				CLANG_WARN_CONSTANT_CONVERSION = YES;
				CLANG_WARN_DIRECT_OBJC_ISA_USAGE = YES_ERROR;
				CLANG_WARN_DOCUMENTATION_COMMENTS = YES;
				CLANG_WARN_EMPTY_BODY = YES;
				CLANG_WARN_ENUM_CONVERSION = YES;
				CLANG_WARN_INFINITE_RECURSION = YES;
				CLANG_WARN_INT_CONVERSION = YES;
				CLANG_WARN_NON_LITERAL_NULL_CONVERSION = YES;
				CLANG_WARN_OBJC_LITERAL_CONVERSION = YES;
				CLANG_WARN_OBJC_ROOT_CLASS = YES_ERROR;
				CLANG_WARN_RANGE_LOOP_ANALYSIS = YES;
				CLANG_WARN_STRICT_PROTOTYPES = YES;
				CLANG_WARN_SUSPICIOUS_MOVE = YES;
				CLANG_WARN_UNGUARDED_AVAILABILITY = YES_AGGRESSIVE;
				CLANG_WARN_UNREACHABLE_CODE = YES;
				CLANG_WARN__DUPLICATE_METHOD_MATCH = YES;
				CODE_SIGN_IDENTITY = "iPhone Developer";
				COPY_PHASE_STRIP = NO;
				DEBUG_INFORMATION_FORMAT = dwarf;
				ENABLE_STRICT_OBJC_MSGSEND = YES;
				ENABLE_TESTABILITY = YES;
				GCC_C_LANGUAGE_STANDARD = gnu11;
				GCC_DYNAMIC_NO_PIC = NO;
				GCC_NO_COMMON_BLOCKS = YES;
				GCC_OPTIMIZATION_LEVEL = 0;
				GCC_PREPROCESSOR_DEFINITIONS = (
					"DEBUG=1",
					"$(inherited)",
				);
				GCC_WARN_64_TO_32_BIT_CONVERSION = YES;
				GCC_WARN_ABOUT_RETURN_TYPE = YES_ERROR;
				GCC_WARN_UNDECLARED_SELECTOR = YES;
				GCC_WARN_UNINITIALIZED_AUTOS = YES_AGGRESSIVE;
				GCC_WARN_UNUSED_FUNCTION = YES;
				GCC_WARN_UNUSED_VARIABLE = YES;
				IPHONEOS_DEPLOYMENT_TARGET = 11.2;
				MTL_ENABLE_DEBUG_INFO = YES;
				ONLY_ACTIVE_ARCH = YES;
				SDKROOT = iphoneos;
				SWIFT_ACTIVE_COMPILATION_CONDITIONS = DEBUG;
				SWIFT_OPTIMIZATION_LEVEL = "-Onone";
			};
			name = Debug;
		};
		14C19D4220EB1C4D003DEB8A /* Release */ = {
			isa = XCBuildConfiguration;
			buildSettings = {
				ALWAYS_SEARCH_USER_PATHS = NO;
				CLANG_ANALYZER_NONNULL = YES;
				CLANG_ANALYZER_NUMBER_OBJECT_CONVERSION = YES_AGGRESSIVE;
				CLANG_CXX_LANGUAGE_STANDARD = "gnu++14";
				CLANG_CXX_LIBRARY = "libc++";
				CLANG_ENABLE_MODULES = YES;
				CLANG_ENABLE_OBJC_ARC = YES;
				CLANG_WARN_BLOCK_CAPTURE_AUTORELEASING = YES;
				CLANG_WARN_BOOL_CONVERSION = YES;
				CLANG_WARN_COMMA = YES;
				CLANG_WARN_CONSTANT_CONVERSION = YES;
				CLANG_WARN_DIRECT_OBJC_ISA_USAGE = YES_ERROR;
				CLANG_WARN_DOCUMENTATION_COMMENTS = YES;
				CLANG_WARN_EMPTY_BODY = YES;
				CLANG_WARN_ENUM_CONVERSION = YES;
				CLANG_WARN_INFINITE_RECURSION = YES;
				CLANG_WARN_INT_CONVERSION = YES;
				CLANG_WARN_NON_LITERAL_NULL_CONVERSION = YES;
				CLANG_WARN_OBJC_LITERAL_CONVERSION = YES;
				CLANG_WARN_OBJC_ROOT_CLASS = YES_ERROR;
				CLANG_WARN_RANGE_LOOP_ANALYSIS = YES;
				CLANG_WARN_STRICT_PROTOTYPES = YES;
				CLANG_WARN_SUSPICIOUS_MOVE = YES;
				CLANG_WARN_UNGUARDED_AVAILABILITY = YES_AGGRESSIVE;
				CLANG_WARN_UNREACHABLE_CODE = YES;
				CLANG_WARN__DUPLICATE_METHOD_MATCH = YES;
				CODE_SIGN_IDENTITY = "iPhone Developer";
				COPY_PHASE_STRIP = NO;
				DEBUG_INFORMATION_FORMAT = "dwarf-with-dsym";
				ENABLE_NS_ASSERTIONS = NO;
				ENABLE_STRICT_OBJC_MSGSEND = YES;
				GCC_C_LANGUAGE_STANDARD = gnu11;
				GCC_NO_COMMON_BLOCKS = YES;
				GCC_WARN_64_TO_32_BIT_CONVERSION = YES;
				GCC_WARN_ABOUT_RETURN_TYPE = YES_ERROR;
				GCC_WARN_UNDECLARED_SELECTOR = YES;
				GCC_WARN_UNINITIALIZED_AUTOS = YES_AGGRESSIVE;
				GCC_WARN_UNUSED_FUNCTION = YES;
				GCC_WARN_UNUSED_VARIABLE = YES;
				IPHONEOS_DEPLOYMENT_TARGET = 11.2;
				MTL_ENABLE_DEBUG_INFO = NO;
				SDKROOT = iphoneos;
				SWIFT_OPTIMIZATION_LEVEL = "-Owholemodule";
				VALIDATE_PRODUCT = YES;
			};
			name = Release;
		};
		14C19D4420EB1C4D003DEB8A /* Debug */ = {
			isa = XCBuildConfiguration;
			buildSettings = {
				ASSETCATALOG_COMPILER_APPICON_NAME = AppIcon;
				CODE_SIGN_STYLE = Automatic;
				DEVELOPMENT_TEAM = 3C8CYW7DN6;
				INFOPLIST_FILE = FacebookPopUpAnimation/Info.plist;
				LD_RUNPATH_SEARCH_PATHS = "$(inherited) @executable_path/Frameworks";
				PRODUCT_BUNDLE_IDENTIFIER = seanlin.FacebookPopUpAnimation;
				PRODUCT_NAME = "$(TARGET_NAME)";
				SWIFT_VERSION = 4.0;
				TARGETED_DEVICE_FAMILY = "1,2";
			};
			name = Debug;
		};
		14C19D4520EB1C4D003DEB8A /* Release */ = {
			isa = XCBuildConfiguration;
			buildSettings = {
				ASSETCATALOG_COMPILER_APPICON_NAME = AppIcon;
				CODE_SIGN_STYLE = Automatic;
				DEVELOPMENT_TEAM = 3C8CYW7DN6;
				INFOPLIST_FILE = FacebookPopUpAnimation/Info.plist;
				LD_RUNPATH_SEARCH_PATHS = "$(inherited) @executable_path/Frameworks";
				PRODUCT_BUNDLE_IDENTIFIER = seanlin.FacebookPopUpAnimation;
				PRODUCT_NAME = "$(TARGET_NAME)";
				SWIFT_VERSION = 4.0;
				TARGETED_DEVICE_FAMILY = "1,2";
			};
			name = Release;
		};
/* End XCBuildConfiguration section */

/* Begin XCConfigurationList section */
		14C19D2C20EB1C4C003DEB8A /* Build configuration list for PBXProject "FacebookPopUpAnimation" */ = {
			isa = XCConfigurationList;
			buildConfigurations = (
				14C19D4120EB1C4D003DEB8A /* Debug */,
				14C19D4220EB1C4D003DEB8A /* Release */,
			);
			defaultConfigurationIsVisible = 0;
			defaultConfigurationName = Release;
		};
		14C19D4320EB1C4D003DEB8A /* Build configuration list for PBXNativeTarget "FacebookPopUpAnimation" */ = {
			isa = XCConfigurationList;
			buildConfigurations = (
				14C19D4420EB1C4D003DEB8A /* Debug */,
				14C19D4520EB1C4D003DEB8A /* Release */,
			);
			defaultConfigurationIsVisible = 0;
			defaultConfigurationName = Release;
		};
/* End XCConfigurationList section */
	};
	rootObject = 14C19D2920EB1C4C003DEB8A /* Project object */;
}
